
Microsoft Visual Studio Solution File, Format Version 12.00
# Visual Studio Version 16
VisualStudioVersion = 16.0.31129.286
MinimumVisualStudioVersion = 10.0.40219.1
Project("{2150E333-8FDC-42A3-9474-1A3956D46DE8}") = "Services", "Services", "{11D745AC-7066-45B8-92DE-1862BD9F6971}"
EndProject
Project("{2150E333-8FDC-42A3-9474-1A3956D46DE8}") = "Catalog", "Catalog", "{74CDE2FD-6654-4665-8B5E-308F8B6707A9}"
EndProject
Project("{FAE04EC0-301F-11D3-BF4B-00C04F79EFBC}") = "Catalog.API", "Services\Catalog\Catalog.API\Catalog.API.csproj", "{FDDA2884-C34F-49BD-BA3C-5F71E4DDFC23}"
EndProject
Global
	GlobalSection(SolutionConfigurationPlatforms) = preSolution
		Debug|Any CPU = Debug|Any CPU
		Release|Any CPU = Release|Any CPU
	EndGlobalSection
	GlobalSection(ProjectConfigurationPlatforms) = postSolution
		{FDDA2884-C34F-49BD-BA3C-5F71E4DDFC23}.Debug|Any CPU.ActiveCfg = Debug|Any CPU
		{FDDA2884-C34F-49BD-BA3C-5F71E4DDFC23}.Debug|Any CPU.Build.0 = Debug|Any CPU
		{FDDA2884-C34F-49BD-BA3C-5F71E4DDFC23}.Release|Any CPU.ActiveCfg = Release|Any CPU
		{FDDA2884-C34F-49BD-BA3C-5F71E4DDFC23}.Release|Any CPU.Build.0 = Release|Any CPU
	EndGlobalSection
	GlobalSection(SolutionProperties) = preSolution
		HideSolutionNode = FALSE
	EndGlobalSection
	GlobalSection(NestedProjects) = preSolution
		{74CDE2FD-6654-4665-8B5E-308F8B6707A9} = {11D745AC-7066-45B8-92DE-1862BD9F6971}
		{FDDA2884-C34F-49BD-BA3C-5F71E4DDFC23} = {74CDE2FD-6654-4665-8B5E-308F8B6707A9}
	EndGlobalSection
	GlobalSection(ExtensibilityGlobals) = postSolution
		SolutionGuid = {080C78BE-926F-48AF-8685-544D401ABFF8}
	EndGlobalSection
EndGlobal
