
Microsoft Visual Studio Solution File, Format Version 12.00
# Visual Studio Version 16
VisualStudioVersion = 16.0.31129.286
MinimumVisualStudioVersion = 10.0.40219.1
Project("{2150E333-8FDC-42A3-9474-1A3956D46DE8}") = "Services", "Services", "{11D745AC-7066-45B8-92DE-1862BD9F6971}"
EndProject
Project("{2150E333-8FDC-42A3-9474-1A3956D46DE8}") = "Catalog", "Catalog", "{74CDE2FD-6654-4665-8B5E-308F8B6707A9}"
EndProject
Project("{9A19103F-16F7-4668-BE54-9A1E7A4F7556}") = "Catalog.API", "Services\Catalog\Catalog.API\Catalog.API.csproj", "{FDDA2884-C34F-49BD-BA3C-5F71E4DDFC23}"
EndProject
Project("{E53339B2-1760-4266-BCC7-CA923CBCF16C}") = "docker-compose", "docker-compose.dcproj", "{CFAD779E-9DD7-49FC-B17A-43A84228CA6F}"
EndProject
Project("{2150E333-8FDC-42A3-9474-1A3956D46DE8}") = "Basket", "Basket", "{2ABD0CF5-5732-43A1-AB6F-F60C648C6182}"
EndProject
Project("{9A19103F-16F7-4668-BE54-9A1E7A4F7556}") = "Basket.API", "Services\Basket\Basket.API\Basket.API.csproj", "{36C4AF90-4DAA-429A-B8E8-F1CD19237B15}"
EndProject
Project("{2150E333-8FDC-42A3-9474-1A3956D46DE8}") = "Discount", "Discount", "{0B0B0C92-D0EF-4190-9AE3-29B948B8FBF3}"
EndProject
Project("{9A19103F-16F7-4668-BE54-9A1E7A4F7556}") = "Discount.API", "Services\Discount\Discount.API\Discount.API.csproj", "{8D8F7534-ECD8-4C25-8158-D4B6B5A72204}"
EndProject
Project("{9A19103F-16F7-4668-BE54-9A1E7A4F7556}") = "Discount.Grpc", "Services\Discount\Discount.Grpc\Discount.Grpc.csproj", "{F9F79CFC-0FBE-48E0-93C0-04995422D003}"
EndProject
Project("{2150E333-8FDC-42A3-9474-1A3956D46DE8}") = "Ordering", "Ordering", "{DC9BDF00-A26D-4CF6-96A7-5EA023E11B17}"
EndProject
Project("{9A19103F-16F7-4668-BE54-9A1E7A4F7556}") = "Ordering.API", "Services\Ordering\Ordering.API\Ordering.API.csproj", "{81BDE65D-E6F3-492E-B2DA-B9B9D4BF59CE}"
EndProject
Project("{9A19103F-16F7-4668-BE54-9A1E7A4F7556}") = "Ordering.Domain", "Services\Ordering\Ordering.Domain\Ordering.Domain.csproj", "{80366498-FEFC-491B-8F3A-676854A60E2A}"
EndProject
Project("{9A19103F-16F7-4668-BE54-9A1E7A4F7556}") = "Ordering.Application", "Services\Ordering\Ordering.Application\Ordering.Application.csproj", "{6123B9D4-7B7E-46E1-90E6-665F997F9CE9}"
EndProject
Project("{9A19103F-16F7-4668-BE54-9A1E7A4F7556}") = "Ordering.Infrastructure", "Services\Ordering\Ordering.Infrastructure\Ordering.Infrastructure.csproj", "{A8745A2B-BF0C-4717-9CF4-749D7B6189AF}"
EndProject
Project("{2150E333-8FDC-42A3-9474-1A3956D46DE8}") = "BuildingBlocks", "BuildingBlocks", "{A8F2F6C5-D738-4BEC-8903-5AC7B745B095}"
EndProject
Project("{9A19103F-16F7-4668-BE54-9A1E7A4F7556}") = "EventBus.Messages", "BuildingBlocks\EventBus.Messages\EventBus.Messages.csproj", "{05AED436-7FA2-419D-89E3-7BAD2EE4453D}"
EndProject
Project("{2150E333-8FDC-42A3-9474-1A3956D46DE8}") = "ApiGateways", "ApiGateways", "{8D7BC697-F751-4446-9992-760E5018CCDA}"
EndProject
Project("{9A19103F-16F7-4668-BE54-9A1E7A4F7556}") = "OcelotApiGw", "ApiGateways\OcelotApiGw\OcelotApiGw.csproj", "{E1DF4C65-963A-433A-B9F6-21ACCBD23283}"
EndProject
Project("{9A19103F-16F7-4668-BE54-9A1E7A4F7556}") = "Shopping.Aggregator", "ApiGateways\Shopping.Aggregator\Shopping.Aggregator.csproj", "{16DE8F37-6584-4BEB-89D6-8314999DAB70}"
EndProject
Project("{2150E333-8FDC-42A3-9474-1A3956D46DE8}") = "WebApps", "WebApps", "{B0EE617B-306C-4435-B65F-8674DD6F7717}"
EndProject
Project("{9A19103F-16F7-4668-BE54-9A1E7A4F7556}") = "AspnetRunBasics", "WebApps\AspnetRunBasics\AspnetRunBasics.csproj", "{67063C54-C398-4177-A7A6-260E360A9291}"
EndProject
Global
	GlobalSection(SolutionConfigurationPlatforms) = preSolution
		Debug|Any CPU = Debug|Any CPU
		Release|Any CPU = Release|Any CPU
	EndGlobalSection
	GlobalSection(ProjectConfigurationPlatforms) = postSolution
		{FDDA2884-C34F-49BD-BA3C-5F71E4DDFC23}.Debug|Any CPU.ActiveCfg = Debug|Any CPU
		{FDDA2884-C34F-49BD-BA3C-5F71E4DDFC23}.Debug|Any CPU.Build.0 = Debug|Any CPU
		{FDDA2884-C34F-49BD-BA3C-5F71E4DDFC23}.Release|Any CPU.ActiveCfg = Release|Any CPU
		{FDDA2884-C34F-49BD-BA3C-5F71E4DDFC23}.Release|Any CPU.Build.0 = Release|Any CPU
		{CFAD779E-9DD7-49FC-B17A-43A84228CA6F}.Debug|Any CPU.ActiveCfg = Debug|Any CPU
		{CFAD779E-9DD7-49FC-B17A-43A84228CA6F}.Debug|Any CPU.Build.0 = Debug|Any CPU
		{CFAD779E-9DD7-49FC-B17A-43A84228CA6F}.Release|Any CPU.ActiveCfg = Release|Any CPU
		{CFAD779E-9DD7-49FC-B17A-43A84228CA6F}.Release|Any CPU.Build.0 = Release|Any CPU
		{36C4AF90-4DAA-429A-B8E8-F1CD19237B15}.Debug|Any CPU.ActiveCfg = Debug|Any CPU
		{36C4AF90-4DAA-429A-B8E8-F1CD19237B15}.Debug|Any CPU.Build.0 = Debug|Any CPU
		{36C4AF90-4DAA-429A-B8E8-F1CD19237B15}.Release|Any CPU.ActiveCfg = Release|Any CPU
		{36C4AF90-4DAA-429A-B8E8-F1CD19237B15}.Release|Any CPU.Build.0 = Release|Any CPU
		{8D8F7534-ECD8-4C25-8158-D4B6B5A72204}.Debug|Any CPU.ActiveCfg = Debug|Any CPU
		{8D8F7534-ECD8-4C25-8158-D4B6B5A72204}.Debug|Any CPU.Build.0 = Debug|Any CPU
		{8D8F7534-ECD8-4C25-8158-D4B6B5A72204}.Release|Any CPU.ActiveCfg = Release|Any CPU
		{8D8F7534-ECD8-4C25-8158-D4B6B5A72204}.Release|Any CPU.Build.0 = Release|Any CPU
		{F9F79CFC-0FBE-48E0-93C0-04995422D003}.Debug|Any CPU.ActiveCfg = Debug|Any CPU
		{F9F79CFC-0FBE-48E0-93C0-04995422D003}.Debug|Any CPU.Build.0 = Debug|Any CPU
		{F9F79CFC-0FBE-48E0-93C0-04995422D003}.Release|Any CPU.ActiveCfg = Release|Any CPU
		{F9F79CFC-0FBE-48E0-93C0-04995422D003}.Release|Any CPU.Build.0 = Release|Any CPU
		{81BDE65D-E6F3-492E-B2DA-B9B9D4BF59CE}.Debug|Any CPU.ActiveCfg = Debug|Any CPU
		{81BDE65D-E6F3-492E-B2DA-B9B9D4BF59CE}.Debug|Any CPU.Build.0 = Debug|Any CPU
		{81BDE65D-E6F3-492E-B2DA-B9B9D4BF59CE}.Release|Any CPU.ActiveCfg = Release|Any CPU
		{81BDE65D-E6F3-492E-B2DA-B9B9D4BF59CE}.Release|Any CPU.Build.0 = Release|Any CPU
		{80366498-FEFC-491B-8F3A-676854A60E2A}.Debug|Any CPU.ActiveCfg = Debug|Any CPU
		{80366498-FEFC-491B-8F3A-676854A60E2A}.Debug|Any CPU.Build.0 = Debug|Any CPU
		{80366498-FEFC-491B-8F3A-676854A60E2A}.Release|Any CPU.ActiveCfg = Release|Any CPU
		{80366498-FEFC-491B-8F3A-676854A60E2A}.Release|Any CPU.Build.0 = Release|Any CPU
		{6123B9D4-7B7E-46E1-90E6-665F997F9CE9}.Debug|Any CPU.ActiveCfg = Debug|Any CPU
		{6123B9D4-7B7E-46E1-90E6-665F997F9CE9}.Debug|Any CPU.Build.0 = Debug|Any CPU
		{6123B9D4-7B7E-46E1-90E6-665F997F9CE9}.Release|Any CPU.ActiveCfg = Release|Any CPU
		{6123B9D4-7B7E-46E1-90E6-665F997F9CE9}.Release|Any CPU.Build.0 = Release|Any CPU
		{A8745A2B-BF0C-4717-9CF4-749D7B6189AF}.Debug|Any CPU.ActiveCfg = Debug|Any CPU
		{A8745A2B-BF0C-4717-9CF4-749D7B6189AF}.Debug|Any CPU.Build.0 = Debug|Any CPU
		{A8745A2B-BF0C-4717-9CF4-749D7B6189AF}.Release|Any CPU.ActiveCfg = Release|Any CPU
		{A8745A2B-BF0C-4717-9CF4-749D7B6189AF}.Release|Any CPU.Build.0 = Release|Any CPU
		{05AED436-7FA2-419D-89E3-7BAD2EE4453D}.Debug|Any CPU.ActiveCfg = Debug|Any CPU
		{05AED436-7FA2-419D-89E3-7BAD2EE4453D}.Debug|Any CPU.Build.0 = Debug|Any CPU
		{05AED436-7FA2-419D-89E3-7BAD2EE4453D}.Release|Any CPU.ActiveCfg = Release|Any CPU
		{05AED436-7FA2-419D-89E3-7BAD2EE4453D}.Release|Any CPU.Build.0 = Release|Any CPU
		{E1DF4C65-963A-433A-B9F6-21ACCBD23283}.Debug|Any CPU.ActiveCfg = Debug|Any CPU
		{E1DF4C65-963A-433A-B9F6-21ACCBD23283}.Debug|Any CPU.Build.0 = Debug|Any CPU
		{E1DF4C65-963A-433A-B9F6-21ACCBD23283}.Release|Any CPU.ActiveCfg = Release|Any CPU
		{E1DF4C65-963A-433A-B9F6-21ACCBD23283}.Release|Any CPU.Build.0 = Release|Any CPU
		{16DE8F37-6584-4BEB-89D6-8314999DAB70}.Debug|Any CPU.ActiveCfg = Debug|Any CPU
		{16DE8F37-6584-4BEB-89D6-8314999DAB70}.Debug|Any CPU.Build.0 = Debug|Any CPU
		{16DE8F37-6584-4BEB-89D6-8314999DAB70}.Release|Any CPU.ActiveCfg = Release|Any CPU
		{16DE8F37-6584-4BEB-89D6-8314999DAB70}.Release|Any CPU.Build.0 = Release|Any CPU
		{67063C54-C398-4177-A7A6-260E360A9291}.Debug|Any CPU.ActiveCfg = Debug|Any CPU
		{67063C54-C398-4177-A7A6-260E360A9291}.Debug|Any CPU.Build.0 = Debug|Any CPU
		{67063C54-C398-4177-A7A6-260E360A9291}.Release|Any CPU.ActiveCfg = Release|Any CPU
		{67063C54-C398-4177-A7A6-260E360A9291}.Release|Any CPU.Build.0 = Release|Any CPU
	EndGlobalSection
	GlobalSection(SolutionProperties) = preSolution
		HideSolutionNode = FALSE
	EndGlobalSection
	GlobalSection(NestedProjects) = preSolution
		{74CDE2FD-6654-4665-8B5E-308F8B6707A9} = {11D745AC-7066-45B8-92DE-1862BD9F6971}
		{FDDA2884-C34F-49BD-BA3C-5F71E4DDFC23} = {74CDE2FD-6654-4665-8B5E-308F8B6707A9}
		{2ABD0CF5-5732-43A1-AB6F-F60C648C6182} = {11D745AC-7066-45B8-92DE-1862BD9F6971}
		{36C4AF90-4DAA-429A-B8E8-F1CD19237B15} = {2ABD0CF5-5732-43A1-AB6F-F60C648C6182}
		{0B0B0C92-D0EF-4190-9AE3-29B948B8FBF3} = {11D745AC-7066-45B8-92DE-1862BD9F6971}
		{8D8F7534-ECD8-4C25-8158-D4B6B5A72204} = {0B0B0C92-D0EF-4190-9AE3-29B948B8FBF3}
		{F9F79CFC-0FBE-48E0-93C0-04995422D003} = {0B0B0C92-D0EF-4190-9AE3-29B948B8FBF3}
		{DC9BDF00-A26D-4CF6-96A7-5EA023E11B17} = {11D745AC-7066-45B8-92DE-1862BD9F6971}
		{81BDE65D-E6F3-492E-B2DA-B9B9D4BF59CE} = {DC9BDF00-A26D-4CF6-96A7-5EA023E11B17}
		{80366498-FEFC-491B-8F3A-676854A60E2A} = {DC9BDF00-A26D-4CF6-96A7-5EA023E11B17}
		{6123B9D4-7B7E-46E1-90E6-665F997F9CE9} = {DC9BDF00-A26D-4CF6-96A7-5EA023E11B17}
		{A8745A2B-BF0C-4717-9CF4-749D7B6189AF} = {DC9BDF00-A26D-4CF6-96A7-5EA023E11B17}
		{05AED436-7FA2-419D-89E3-7BAD2EE4453D} = {A8F2F6C5-D738-4BEC-8903-5AC7B745B095}
		{E1DF4C65-963A-433A-B9F6-21ACCBD23283} = {8D7BC697-F751-4446-9992-760E5018CCDA}
		{16DE8F37-6584-4BEB-89D6-8314999DAB70} = {8D7BC697-F751-4446-9992-760E5018CCDA}
		{67063C54-C398-4177-A7A6-260E360A9291} = {B0EE617B-306C-4435-B65F-8674DD6F7717}
	EndGlobalSection
	GlobalSection(ExtensibilityGlobals) = postSolution
		SolutionGuid = {080C78BE-926F-48AF-8685-544D401ABFF8}
	EndGlobalSection
EndGlobal
